<?xml version="1.0" encoding="utf-8"?>
<Project ToolsVersion="4.0" xmlns="http://schemas.microsoft.com/developer/msbuild/2003">
  <ItemGroup>
    <Filter Include="Source">
      <UniqueIdentifier>{4FC737F1-C7A5-4376-A066-2A32D752A2FF}</UniqueIdentifier>
      <Extensions>cpp;c;cc;cxx;def;odl;idl;hpj;bat;asm;asmx</Extensions>
    </Filter>
    <Filter Include="Headers">
      <UniqueIdentifier>{93995380-89BD-4b04-88EB-625FBE52EBFB}</UniqueIdentifier>
      <Extensions>h;hpp;hxx;hm;inl;inc;xsd</Extensions>
    </Filter>
    <Filter Include="Shader %28Full Screen%29">
      <UniqueIdentifier>{367dad83-8336-4824-84dd-6263dfbda201}</UniqueIdentifier>
    </Filter>
    <Filter Include="Shader %28Geometry%29">
      <UniqueIdentifier>{e48e8a53-cea4-460b-aeff-fbfc70c2f1ba}</UniqueIdentifier>
      <Extensions>vs;fs</Extensions>
    </Filter>
  </ItemGroup>
  <ItemGroup>
    <ClCompile Include="glHelper.cpp">
      <Filter>Source</Filter>
    </ClCompile>
    <ClCompile Include="glHelperMesh.cpp">
      <Filter>Source</Filter>
    </ClCompile>
    <ClCompile Include="glHelperTexture.cpp">
      <Filter>Source</Filter>
    </ClCompile>
    <ClCompile Include="main.cpp">
      <Filter>Source</Filter>
    </ClCompile>
  </ItemGroup>
  <ItemGroup>
    <ClInclude Include="glHelper.h">
      <Filter>Headers</Filter>
    </ClInclude>
    <ClInclude Include="LiteMath.h">
      <Filter>Headers</Filter>
    </ClInclude>
  </ItemGroup>
  <ItemGroup>
    <None Include="Grayscale.frag">
      <Filter>Shader %28Full Screen%29</Filter>
    </None>
    <None Include="Quad.vert">
      <Filter>Shader %28Full Screen%29</Filter>
    </None>
    <None Include="Fragment.frag">
      <Filter>Shader %28Geometry%29</Filter>
    </None>
    <None Include="Geometry.geom">
      <Filter>Shader %28Geometry%29</Filter>
    </None>
    <None Include="Vertex.vert">
      <Filter>Shader %28Geometry%29</Filter>
    </None>
  </ItemGroup>
</Project>